// !$*UTF8*$!
{
	archiveVersion = 1;
	classes = {
	};
	objectVersion = 56;
	objects = {

/* Begin PBXBuildFile section */
		69ED31C22A57418D00B19223 /* main.swift in Sources */ = {isa = PBXBuildFile; fileRef = 69ED31C12A57418D00B19223 /* main.swift */; };
		69ED31C92A5741BB00B19223 /* LeDauCuoiChanTrongMang.swift in Sources */ = {isa = PBXBuildFile; fileRef = 69ED31C82A5741BB00B19223 /* LeDauCuoiChanTrongMang.swift */; };
		69F25D402A582E2C004B1911 /* 2.TimSoLonNhatVaNhoNhatTrongMang.swift in Sources */ = {isa = PBXBuildFile; fileRef = 69F25D3F2A582E2C004B1911 /* 2.TimSoLonNhatVaNhoNhatTrongMang.swift */; };
		69F25D422A58308F004B1911 /* MiniGameRandom.swift in Sources */ = {isa = PBXBuildFile; fileRef = 69F25D412A58308F004B1911 /* MiniGameRandom.swift */; };
/* End PBXBuildFile section */

/* Begin PBXCopyFilesBuildPhase section */
		69ED31BC2A57418D00B19223 /* CopyFiles */ = {
			isa = PBXCopyFilesBuildPhase;
			buildActionMask = 2147483647;
			dstPath = /usr/share/man/man1/;
			dstSubfolderSpec = 0;
			files = (
			);
			runOnlyForDeploymentPostprocessing = 1;
		};
/* End PBXCopyFilesBuildPhase section */

/* Begin PBXFileReference section */
		69ED31BE2A57418D00B19223 /* BaiTapB5 */ = {isa = PBXFileReference; explicitFileType = "compiled.mach-o.executable"; includeInIndex = 0; path = BaiTapB5; sourceTree = BUILT_PRODUCTS_DIR; };
		69ED31C12A57418D00B19223 /* main.swift */ = {isa = PBXFileReference; lastKnownFileType = sourcecode.swift; path = main.swift; sourceTree = "<group>"; };
		69ED31C82A5741BB00B19223 /* LeDauCuoiChanTrongMang.swift */ = {isa = PBXFileReference; lastKnownFileType = sourcecode.swift; path = LeDauCuoiChanTrongMang.swift; sourceTree = "<group>"; };
		69F25D3F2A582E2C004B1911 /* 2.TimSoLonNhatVaNhoNhatTrongMang.swift */ = {isa = PBXFileReference; lastKnownFileType = sourcecode.swift; path = 2.TimSoLonNhatVaNhoNhatTrongMang.swift; sourceTree = "<group>"; };
		69F25D412A58308F004B1911 /* MiniGameRandom.swift */ = {isa = PBXFileReference; lastKnownFileType = sourcecode.swift; path = MiniGameRandom.swift; sourceTree = "<group>"; };
/* End PBXFileReference section */

/* Begin PBXFrameworksBuildPhase section */
		69ED31BB2A57418D00B19223 /* Frameworks */ = {
			isa = PBXFrameworksBuildPhase;
			buildActionMask = 2147483647;
			files = (
			);
			runOnlyForDeploymentPostprocessing = 0;
		};
/* End PBXFrameworksBuildPhase section */

/* Begin PBXGroup section */
		69ED31B52A57418D00B19223 = {
			isa = PBXGroup;
			children = (
				69ED31C02A57418D00B19223 /* BaiTapB5 */,
				69ED31BF2A57418D00B19223 /* Products */,
			);
			sourceTree = "<group>";
		};
		69ED31BF2A57418D00B19223 /* Products */ = {
			isa = PBXGroup;
			children = (
				69ED31BE2A57418D00B19223 /* BaiTapB5 */,
			);
			name = Products;
			sourceTree = "<group>";
		};
		69ED31C02A57418D00B19223 /* BaiTapB5 */ = {
			isa = PBXGroup;
			children = (
				69ED31C12A57418D00B19223 /* main.swift */,
				69ED31C82A5741BB00B19223 /* LeDauCuoiChanTrongMang.swift */,
				69F25D3F2A582E2C004B1911 /* 2.TimSoLonNhatVaNhoNhatTrongMang.swift */,
				69F25D412A58308F004B1911 /* MiniGameRandom.swift */,
			);
			path = BaiTapB5;
			sourceTree = "<group>";
		};
/* End PBXGroup section */

/* Begin PBXNativeTarget section */
		69ED31BD2A57418D00B19223 /* BaiTapB5 */ = {
			isa = PBXNativeTarget;
			buildConfigurationList = 69ED31C52A57418D00B19223 /* Build configuration list for PBXNativeTarget "BaiTapB5" */;
			buildPhases = (
				69ED31BA2A57418D00B19223 /* Sources */,
				69ED31BB2A57418D00B19223 /* Frameworks */,
				69ED31BC2A57418D00B19223 /* CopyFiles */,
			);
			buildRules = (
			);
			dependencies = (
			);
			name = BaiTapB5;
			productName = BaiTapB5;
			productReference = 69ED31BE2A57418D00B19223 /* BaiTapB5 */;
			productType = "com.apple.product-type.tool";
		};
/* End PBXNativeTarget section */

/* Begin PBXProject section */
		69ED31B62A57418D00B19223 /* Project object */ = {
			isa = PBXProject;
			attributes = {
				BuildIndependentTargetsInParallel = 1;
				LastSwiftUpdateCheck = 1430;
				LastUpgradeCheck = 1430;
				TargetAttributes = {
					69ED31BD2A57418D00B19223 = {
						CreatedOnToolsVersion = 14.3.1;
					};
				};
			};
			buildConfigurationList = 69ED31B92A57418D00B19223 /* Build configuration list for PBXProject "BaiTapB5" */;
			compatibilityVersion = "Xcode 14.0";
			developmentRegion = en;
			hasScannedForEncodings = 0;
			knownRegions = (
				en,
				Base,
			);
			mainGroup = 69ED31B52A57418D00B19223;
			productRefGroup = 69ED31BF2A57418D00B19223 /* Products */;
			projectDirPath = "";
			projectRoot = "";
			targets = (
				69ED31BD2A57418D00B19223 /* BaiTapB5 */,
			);
		};
/* End PBXProject section */

/* Begin PBXSourcesBuildPhase section */
		69ED31BA2A57418D00B19223 /* Sources */ = {
			isa = PBXSourcesBuildPhase;
			buildActionMask = 2147483647;
			files = (
				69ED31C22A57418D00B19223 /* main.swift in Sources */,
				69ED31C92A5741BB00B19223 /* LeDauCuoiChanTrongMang.swift in Sources */,
				69F25D402A582E2C004B1911 /* 2.TimSoLonNhatVaNhoNhatTrongMang.swift in Sources */,
				69F25D422A58308F004B1911 /* MiniGameRandom.swift in Sources */,
			);
			runOnlyForDeploymentPostprocessing = 0;
		};
/* End PBXSourcesBuildPhase section */

/* Begin XCBuildConfiguration section */
		69ED31C32A57418D00B19223 /* Debug */ = {
			isa = XCBuildConfiguration;
			buildSettings = {
				ALWAYS_SEARCH_USER_PATHS = NO;
				CLANG_ANALYZER_NONNULL = YES;
				CLANG_ANALYZER_NUMBER_OBJECT_CONVERSION = YES_AGGRESSIVE;
				CLANG_CXX_LANGUAGE_STANDARD = "gnu++20";
				CLANG_ENABLE_MODULES = YES;
				CLANG_ENABLE_OBJC_ARC = YES;
				CLANG_ENABLE_OBJC_WEAK = YES;
				CLANG_WARN_BLOCK_CAPTURE_AUTORELEASING = YES;
				CLANG_WARN_BOOL_CONVERSION = YES;
				CLANG_WARN_COMMA = YES;
				CLANG_WARN_CONSTANT_CONVERSION = YES;
				CLANG_WARN_DEPRECATED_OBJC_IMPLEMENTATIONS = YES;
				CLANG_WARN_DIRECT_OBJC_ISA_USAGE = YES_ERROR;
				CLANG_WARN_DOCUMENTATION_COMMENTS = YES;
				CLANG_WARN_EMPTY_BODY = YES;
				CLANG_WARN_ENUM_CONVERSION = YES;
				CLANG_WARN_INFINITE_RECURSION = YES;
				CLANG_WARN_INT_CONVERSION = YES;
				CLANG_WARN_NON_LITERAL_NULL_CONVERSION = YES;
				CLANG_WARN_OBJC_IMPLICIT_RETAIN_SELF = YES;
				CLANG_WARN_OBJC_LITERAL_CONVERSION = YES;
				CLANG_WARN_OBJC_ROOT_CLASS = YES_ERROR;
				CLANG_WARN_QUOTED_INCLUDE_IN_FRAMEWORK_HEADER = YES;
				CLANG_WARN_RANGE_LOOP_ANALYSIS = YES;
				CLANG_WARN_STRICT_PROTOTYPES = YES;
				CLANG_WARN_SUSPICIOUS_MOVE = YES;
				CLANG_WARN_UNGUARDED_AVAILABILITY = YES_AGGRESSIVE;
				CLANG_WARN_UNREACHABLE_CODE = YES;
				CLANG_WARN__DUPLICATE_METHOD_MATCH = YES;
				COPY_PHASE_STRIP = NO;
				DEBUG_INFORMATION_FORMAT = dwarf;
				ENABLE_STRICT_OBJC_MSGSEND = YES;
				ENABLE_TESTABILITY = YES;
				GCC_C_LANGUAGE_STANDARD = gnu11;
				GCC_DYNAMIC_NO_PIC = NO;
				GCC_NO_COMMON_BLOCKS = YES;
				GCC_OPTIMIZATION_LEVEL = 0;
				GCC_PREPROCESSOR_DEFINITIONS = (
					"DEBUG=1",
					"$(inherited)",
				);
				GCC_WARN_64_TO_32_BIT_CONVERSION = YES;
				GCC_WARN_ABOUT_RETURN_TYPE = YES_ERROR;
				GCC_WARN_UNDECLARED_SELECTOR = YES;
				GCC_WARN_UNINITIALIZED_AUTOS = YES_AGGRESSIVE;
				GCC_WARN_UNUSED_FUNCTION = YES;
				GCC_WARN_UNUSED_VARIABLE = YES;
				MACOSX_DEPLOYMENT_TARGET = 13.3;
				MTL_ENABLE_DEBUG_INFO = INCLUDE_SOURCE;
				MTL_FAST_MATH = YES;
				ONLY_ACTIVE_ARCH = YES;
				SDKROOT = macosx;
				SWIFT_ACTIVE_COMPILATION_CONDITIONS = DEBUG;
				SWIFT_OPTIMIZATION_LEVEL = "-Onone";
			};
			name = Debug;
		};
		69ED31C42A57418D00B19223 /* Release */ = {
			isa = XCBuildConfiguration;
			buildSettings = {
				ALWAYS_SEARCH_USER_PATHS = NO;
				CLANG_ANALYZER_NONNULL = YES;
				CLANG_ANALYZER_NUMBER_OBJECT_CONVERSION = YES_AGGRESSIVE;
				CLANG_CXX_LANGUAGE_STANDARD = "gnu++20";
				CLANG_ENABLE_MODULES = YES;
				CLANG_ENABLE_OBJC_ARC = YES;
				CLANG_ENABLE_OBJC_WEAK = YES;
				CLANG_WARN_BLOCK_CAPTURE_AUTORELEASING = YES;
				CLANG_WARN_BOOL_CONVERSION = YES;
				CLANG_WARN_COMMA = YES;
				CLANG_WARN_CONSTANT_CONVERSION = YES;
				CLANG_WARN_DEPRECATED_OBJC_IMPLEMENTATIONS = YES;
				CLANG_WARN_DIRECT_OBJC_ISA_USAGE = YES_ERROR;
				CLANG_WARN_DOCUMENTATION_COMMENTS = YES;
				CLANG_WARN_EMPTY_BODY = YES;
				CLANG_WARN_ENUM_CONVERSION = YES;
				CLANG_WARN_INFINITE_RECURSION = YES;
				CLANG_WARN_INT_CONVERSION = YES;
				CLANG_WARN_NON_LITERAL_NULL_CONVERSION = YES;
				CLANG_WARN_OBJC_IMPLICIT_RETAIN_SELF = YES;
				CLANG_WARN_OBJC_LITERAL_CONVERSION = YES;
				CLANG_WARN_OBJC_ROOT_CLASS = YES_ERROR;
				CLANG_WARN_QUOTED_INCLUDE_IN_FRAMEWORK_HEADER = YES;
				CLANG_WARN_RANGE_LOOP_ANALYSIS = YES;
				CLANG_WARN_STRICT_PROTOTYPES = YES;
				CLANG_WARN_SUSPICIOUS_MOVE = YES;
				CLANG_WARN_UNGUARDED_AVAILABILITY = YES_AGGRESSIVE;
				CLANG_WARN_UNREACHABLE_CODE = YES;
				CLANG_WARN__DUPLICATE_METHOD_MATCH = YES;
				COPY_PHASE_STRIP = NO;
				DEBUG_INFORMATION_FORMAT = "dwarf-with-dsym";
				ENABLE_NS_ASSERTIONS = NO;
				ENABLE_STRICT_OBJC_MSGSEND = YES;
				GCC_C_LANGUAGE_STANDARD = gnu11;
				GCC_NO_COMMON_BLOCKS = YES;
				GCC_WARN_64_TO_32_BIT_CONVERSION = YES;
				GCC_WARN_ABOUT_RETURN_TYPE = YES_ERROR;
				GCC_WARN_UNDECLARED_SELECTOR = YES;
				GCC_WARN_UNINITIALIZED_AUTOS = YES_AGGRESSIVE;
				GCC_WARN_UNUSED_FUNCTION = YES;
				GCC_WARN_UNUSED_VARIABLE = YES;
				MACOSX_DEPLOYMENT_TARGET = 13.3;
				MTL_ENABLE_DEBUG_INFO = NO;
				MTL_FAST_MATH = YES;
				SDKROOT = macosx;
				SWIFT_COMPILATION_MODE = wholemodule;
				SWIFT_OPTIMIZATION_LEVEL = "-O";
			};
			name = Release;
		};
		69ED31C62A57418D00B19223 /* Debug */ = {
			isa = XCBuildConfiguration;
			buildSettings = {
				CODE_SIGN_STYLE = Automatic;
				PRODUCT_NAME = "$(TARGET_NAME)";
				SWIFT_VERSION = 5.0;
			};
			name = Debug;
		};
		69ED31C72A57418D00B19223 /* Release */ = {
			isa = XCBuildConfiguration;
			buildSettings = {
				CODE_SIGN_STYLE = Automatic;
				PRODUCT_NAME = "$(TARGET_NAME)";
				SWIFT_VERSION = 5.0;
			};
			name = Release;
		};
/* End XCBuildConfiguration section */

/* Begin XCConfigurationList section */
		69ED31B92A57418D00B19223 /* Build configuration list for PBXProject "BaiTapB5" */ = {
			isa = XCConfigurationList;
			buildConfigurations = (
				69ED31C32A57418D00B19223 /* Debug */,
				69ED31C42A57418D00B19223 /* Release */,
			);
			defaultConfigurationIsVisible = 0;
			defaultConfigurationName = Release;
		};
		69ED31C52A57418D00B19223 /* Build configuration list for PBXNativeTarget "BaiTapB5" */ = {
			isa = XCConfigurationList;
			buildConfigurations = (
				69ED31C62A57418D00B19223 /* Debug */,
				69ED31C72A57418D00B19223 /* Release */,
			);
			defaultConfigurationIsVisible = 0;
			defaultConfigurationName = Release;
		};
/* End XCConfigurationList section */
	};
	rootObject = 69ED31B62A57418D00B19223 /* Project object */;
}
